// !$*UTF8*$!
{
	archiveVersion = 1;
	classes = {
	};
	objectVersion = 46;
	objects = {

/* Begin PBXBuildFile section */
		D1CC21081EC9800900299BA9 /* AppDelegate.swift in Sources */ = {isa = PBXBuildFile; fileRef = D1CC21071EC9800900299BA9 /* AppDelegate.swift */; };
		D1CC210A1EC9800900299BA9 /* ViewController.swift in Sources */ = {isa = PBXBuildFile; fileRef = D1CC21091EC9800900299BA9 /* ViewController.swift */; };
		D1CC210D1EC9800900299BA9 /* Main.storyboard in Resources */ = {isa = PBXBuildFile; fileRef = D1CC210B1EC9800900299BA9 /* Main.storyboard */; };
		D1CC21101EC9800900299BA9 /* NoBrokerAssignment.xcdatamodeld in Sources */ = {isa = PBXBuildFile; fileRef = D1CC210E1EC9800900299BA9 /* NoBrokerAssignment.xcdatamodeld */; };
		D1CC21121EC9800900299BA9 /* Assets.xcassets in Resources */ = {isa = PBXBuildFile; fileRef = D1CC21111EC9800900299BA9 /* Assets.xcassets */; };
		D1CC21151EC9800900299BA9 /* LaunchScreen.storyboard in Resources */ = {isa = PBXBuildFile; fileRef = D1CC21131EC9800900299BA9 /* LaunchScreen.storyboard */; };
		D1CC21201EC9800900299BA9 /* NoBrokerAssignmentTests.swift in Sources */ = {isa = PBXBuildFile; fileRef = D1CC211F1EC9800900299BA9 /* NoBrokerAssignmentTests.swift */; };
		D1CC212B1EC9800900299BA9 /* NoBrokerAssignmentUITests.swift in Sources */ = {isa = PBXBuildFile; fileRef = D1CC212A1EC9800900299BA9 /* NoBrokerAssignmentUITests.swift */; };
/* End PBXBuildFile section */

/* Begin PBXContainerItemProxy section */
		D1CC211C1EC9800900299BA9 /* PBXContainerItemProxy */ = {
			isa = PBXContainerItemProxy;
			containerPortal = D1CC20FC1EC9800800299BA9 /* Project object */;
			proxyType = 1;
			remoteGlobalIDString = D1CC21031EC9800800299BA9;
			remoteInfo = NoBrokerAssignment;
		};
		D1CC21271EC9800900299BA9 /* PBXContainerItemProxy */ = {
			isa = PBXContainerItemProxy;
			containerPortal = D1CC20FC1EC9800800299BA9 /* Project object */;
			proxyType = 1;
			remoteGlobalIDString = D1CC21031EC9800800299BA9;
			remoteInfo = NoBrokerAssignment;
		};
/* End PBXContainerItemProxy section */

/* Begin PBXFileReference section */
		D1CC21041EC9800900299BA9 /* NoBrokerAssignment.app */ = {isa = PBXFileReference; explicitFileType = wrapper.application; includeInIndex = 0; path = NoBrokerAssignment.app; sourceTree = BUILT_PRODUCTS_DIR; };
		D1CC21071EC9800900299BA9 /* AppDelegate.swift */ = {isa = PBXFileReference; lastKnownFileType = sourcecode.swift; path = AppDelegate.swift; sourceTree = "<group>"; };
		D1CC21091EC9800900299BA9 /* ViewController.swift */ = {isa = PBXFileReference; lastKnownFileType = sourcecode.swift; path = ViewController.swift; sourceTree = "<group>"; };
		D1CC210C1EC9800900299BA9 /* Base */ = {isa = PBXFileReference; lastKnownFileType = file.storyboard; name = Base; path = Base.lproj/Main.storyboard; sourceTree = "<group>"; };
		D1CC210F1EC9800900299BA9 /* NoBrokerAssignment.xcdatamodel */ = {isa = PBXFileReference; lastKnownFileType = wrapper.xcdatamodel; path = NoBrokerAssignment.xcdatamodel; sourceTree = "<group>"; };
		D1CC21111EC9800900299BA9 /* Assets.xcassets */ = {isa = PBXFileReference; lastKnownFileType = folder.assetcatalog; path = Assets.xcassets; sourceTree = "<group>"; };
		D1CC21141EC9800900299BA9 /* Base */ = {isa = PBXFileReference; lastKnownFileType = file.storyboard; name = Base; path = Base.lproj/LaunchScreen.storyboard; sourceTree = "<group>"; };
		D1CC21161EC9800900299BA9 /* Info.plist */ = {isa = PBXFileReference; lastKnownFileType = text.plist.xml; path = Info.plist; sourceTree = "<group>"; };
		D1CC211B1EC9800900299BA9 /* NoBrokerAssignmentTests.xctest */ = {isa = PBXFileReference; explicitFileType = wrapper.cfbundle; includeInIndex = 0; path = NoBrokerAssignmentTests.xctest; sourceTree = BUILT_PRODUCTS_DIR; };
		D1CC211F1EC9800900299BA9 /* NoBrokerAssignmentTests.swift */ = {isa = PBXFileReference; lastKnownFileType = sourcecode.swift; path = NoBrokerAssignmentTests.swift; sourceTree = "<group>"; };
		D1CC21211EC9800900299BA9 /* Info.plist */ = {isa = PBXFileReference; lastKnownFileType = text.plist.xml; path = Info.plist; sourceTree = "<group>"; };
		D1CC21261EC9800900299BA9 /* NoBrokerAssignmentUITests.xctest */ = {isa = PBXFileReference; explicitFileType = wrapper.cfbundle; includeInIndex = 0; path = NoBrokerAssignmentUITests.xctest; sourceTree = BUILT_PRODUCTS_DIR; };
		D1CC212A1EC9800900299BA9 /* NoBrokerAssignmentUITests.swift */ = {isa = PBXFileReference; lastKnownFileType = sourcecode.swift; path = NoBrokerAssignmentUITests.swift; sourceTree = "<group>"; };
		D1CC212C1EC9800900299BA9 /* Info.plist */ = {isa = PBXFileReference; lastKnownFileType = text.plist.xml; path = Info.plist; sourceTree = "<group>"; };
/* End PBXFileReference section */

/* Begin PBXFrameworksBuildPhase section */
		D1CC21011EC9800800299BA9 /* Frameworks */ = {
			isa = PBXFrameworksBuildPhase;
			buildActionMask = 2147483647;
			files = (
			);
			runOnlyForDeploymentPostprocessing = 0;
		};
		D1CC21181EC9800900299BA9 /* Frameworks */ = {
			isa = PBXFrameworksBuildPhase;
			buildActionMask = 2147483647;
			files = (
			);
			runOnlyForDeploymentPostprocessing = 0;
		};
		D1CC21231EC9800900299BA9 /* Frameworks */ = {
			isa = PBXFrameworksBuildPhase;
			buildActionMask = 2147483647;
			files = (
			);
			runOnlyForDeploymentPostprocessing = 0;
		};
/* End PBXFrameworksBuildPhase section */

/* Begin PBXGroup section */
		D1CC20FB1EC9800800299BA9 = {
			isa = PBXGroup;
			children = (
				D1CC21061EC9800900299BA9 /* NoBrokerAssignment */,
				D1CC211E1EC9800900299BA9 /* NoBrokerAssignmentTests */,
				D1CC21291EC9800900299BA9 /* NoBrokerAssignmentUITests */,
				D1CC21051EC9800900299BA9 /* Products */,
			);
			sourceTree = "<group>";
		};
		D1CC21051EC9800900299BA9 /* Products */ = {
			isa = PBXGroup;
			children = (
				D1CC21041EC9800900299BA9 /* NoBrokerAssignment.app */,
				D1CC211B1EC9800900299BA9 /* NoBrokerAssignmentTests.xctest */,
				D1CC21261EC9800900299BA9 /* NoBrokerAssignmentUITests.xctest */,
			);
			name = Products;
			sourceTree = "<group>";
		};
		D1CC21061EC9800900299BA9 /* NoBrokerAssignment */ = {
			isa = PBXGroup;
			children = (
				D1CC21071EC9800900299BA9 /* AppDelegate.swift */,
				D1CC21091EC9800900299BA9 /* ViewController.swift */,
				D1CC210B1EC9800900299BA9 /* Main.storyboard */,
				D1CC21111EC9800900299BA9 /* Assets.xcassets */,
				D1CC21131EC9800900299BA9 /* LaunchScreen.storyboard */,
				D1CC21161EC9800900299BA9 /* Info.plist */,
				D1CC210E1EC9800900299BA9 /* NoBrokerAssignment.xcdatamodeld */,
			);
			path = NoBrokerAssignment;
			sourceTree = "<group>";
		};
		D1CC211E1EC9800900299BA9 /* NoBrokerAssignmentTests */ = {
			isa = PBXGroup;
			children = (
				D1CC211F1EC9800900299BA9 /* NoBrokerAssignmentTests.swift */,
				D1CC21211EC9800900299BA9 /* Info.plist */,
			);
			path = NoBrokerAssignmentTests;
			sourceTree = "<group>";
		};
		D1CC21291EC9800900299BA9 /* NoBrokerAssignmentUITests */ = {
			isa = PBXGroup;
			children = (
				D1CC212A1EC9800900299BA9 /* NoBrokerAssignmentUITests.swift */,
				D1CC212C1EC9800900299BA9 /* Info.plist */,
			);
			path = NoBrokerAssignmentUITests;
			sourceTree = "<group>";
		};
/* End PBXGroup section */

/* Begin PBXNativeTarget section */
		D1CC21031EC9800800299BA9 /* NoBrokerAssignment */ = {
			isa = PBXNativeTarget;
			buildConfigurationList = D1CC212F1EC9800900299BA9 /* Build configuration list for PBXNativeTarget "NoBrokerAssignment" */;
			buildPhases = (
				D1CC21001EC9800800299BA9 /* Sources */,
				D1CC21011EC9800800299BA9 /* Frameworks */,
				D1CC21021EC9800800299BA9 /* Resources */,
			);
			buildRules = (
			);
			dependencies = (
			);
			name = NoBrokerAssignment;
			productName = NoBrokerAssignment;
			productReference = D1CC21041EC9800900299BA9 /* NoBrokerAssignment.app */;
			productType = "com.apple.product-type.application";
		};
		D1CC211A1EC9800900299BA9 /* NoBrokerAssignmentTests */ = {
			isa = PBXNativeTarget;
			buildConfigurationList = D1CC21321EC9800900299BA9 /* Build configuration list for PBXNativeTarget "NoBrokerAssignmentTests" */;
			buildPhases = (
				D1CC21171EC9800900299BA9 /* Sources */,
				D1CC21181EC9800900299BA9 /* Frameworks */,
				D1CC21191EC9800900299BA9 /* Resources */,
			);
			buildRules = (
			);
			dependencies = (
				D1CC211D1EC9800900299BA9 /* PBXTargetDependency */,
			);
			name = NoBrokerAssignmentTests;
			productName = NoBrokerAssignmentTests;
			productReference = D1CC211B1EC9800900299BA9 /* NoBrokerAssignmentTests.xctest */;
			productType = "com.apple.product-type.bundle.unit-test";
		};
		D1CC21251EC9800900299BA9 /* NoBrokerAssignmentUITests */ = {
			isa = PBXNativeTarget;
			buildConfigurationList = D1CC21351EC9800900299BA9 /* Build configuration list for PBXNativeTarget "NoBrokerAssignmentUITests" */;
			buildPhases = (
				D1CC21221EC9800900299BA9 /* Sources */,
				D1CC21231EC9800900299BA9 /* Frameworks */,
				D1CC21241EC9800900299BA9 /* Resources */,
			);
			buildRules = (
			);
			dependencies = (
				D1CC21281EC9800900299BA9 /* PBXTargetDependency */,
			);
			name = NoBrokerAssignmentUITests;
			productName = NoBrokerAssignmentUITests;
			productReference = D1CC21261EC9800900299BA9 /* NoBrokerAssignmentUITests.xctest */;
			productType = "com.apple.product-type.bundle.ui-testing";
		};
/* End PBXNativeTarget section */

/* Begin PBXProject section */
		D1CC20FC1EC9800800299BA9 /* Project object */ = {
			isa = PBXProject;
			attributes = {
				LastSwiftUpdateCheck = 0820;
				LastUpgradeCheck = 0820;
				ORGANIZATIONNAME = "Abhinav Mathur";
				TargetAttributes = {
					D1CC21031EC9800800299BA9 = {
						CreatedOnToolsVersion = 8.2.1;
						DevelopmentTeam = 6339ZWMFHV;
						ProvisioningStyle = Automatic;
					};
					D1CC211A1EC9800900299BA9 = {
						CreatedOnToolsVersion = 8.2.1;
						DevelopmentTeam = 6339ZWMFHV;
						ProvisioningStyle = Automatic;
						TestTargetID = D1CC21031EC9800800299BA9;
					};
					D1CC21251EC9800900299BA9 = {
						CreatedOnToolsVersion = 8.2.1;
						DevelopmentTeam = 6339ZWMFHV;
						ProvisioningStyle = Automatic;
						TestTargetID = D1CC21031EC9800800299BA9;
					};
				};
			};
			buildConfigurationList = D1CC20FF1EC9800800299BA9 /* Build configuration list for PBXProject "NoBrokerAssignment" */;
			compatibilityVersion = "Xcode 3.2";
			developmentRegion = English;
			hasScannedForEncodings = 0;
			knownRegions = (
				en,
				Base,
			);
			mainGroup = D1CC20FB1EC9800800299BA9;
			productRefGroup = D1CC21051EC9800900299BA9 /* Products */;
			projectDirPath = "";
			projectRoot = "";
			targets = (
				D1CC21031EC9800800299BA9 /* NoBrokerAssignment */,
				D1CC211A1EC9800900299BA9 /* NoBrokerAssignmentTests */,
				D1CC21251EC9800900299BA9 /* NoBrokerAssignmentUITests */,
			);
		};
/* End PBXProject section */

/* Begin PBXResourcesBuildPhase section */
		D1CC21021EC9800800299BA9 /* Resources */ = {
			isa = PBXResourcesBuildPhase;
			buildActionMask = 2147483647;
			files = (
				D1CC21151EC9800900299BA9 /* LaunchScreen.storyboard in Resources */,
				D1CC21121EC9800900299BA9 /* Assets.xcassets in Resources */,
				D1CC210D1EC9800900299BA9 /* Main.storyboard in Resources */,
			);
			runOnlyForDeploymentPostprocessing = 0;
		};
		D1CC21191EC9800900299BA9 /* Resources */ = {
			isa = PBXResourcesBuildPhase;
			buildActionMask = 2147483647;
			files = (
			);
			runOnlyForDeploymentPostprocessing = 0;
		};
		D1CC21241EC9800900299BA9 /* Resources */ = {
			isa = PBXResourcesBuildPhase;
			buildActionMask = 2147483647;
			files = (
			);
			runOnlyForDeploymentPostprocessing = 0;
		};
/* End PBXResourcesBuildPhase section */

/* Begin PBXSourcesBuildPhase section */
		D1CC21001EC9800800299BA9 /* Sources */ = {
			isa = PBXSourcesBuildPhase;
			buildActionMask = 2147483647;
			files = (
				D1CC21101EC9800900299BA9 /* NoBrokerAssignment.xcdatamodeld in Sources */,
				D1CC210A1EC9800900299BA9 /* ViewController.swift in Sources */,
				D1CC21081EC9800900299BA9 /* AppDelegate.swift in Sources */,
			);
			runOnlyForDeploymentPostprocessing = 0;
		};
		D1CC21171EC9800900299BA9 /* Sources */ = {
			isa = PBXSourcesBuildPhase;
			buildActionMask = 2147483647;
			files = (
				D1CC21201EC9800900299BA9 /* NoBrokerAssignmentTests.swift in Sources */,
			);
			runOnlyForDeploymentPostprocessing = 0;
		};
		D1CC21221EC9800900299BA9 /* Sources */ = {
			isa = PBXSourcesBuildPhase;
			buildActionMask = 2147483647;
			files = (
				D1CC212B1EC9800900299BA9 /* NoBrokerAssignmentUITests.swift in Sources */,
			);
			runOnlyForDeploymentPostprocessing = 0;
		};
/* End PBXSourcesBuildPhase section */

/* Begin PBXTargetDependency section */
		D1CC211D1EC9800900299BA9 /* PBXTargetDependency */ = {
			isa = PBXTargetDependency;
			target = D1CC21031EC9800800299BA9 /* NoBrokerAssignment */;
			targetProxy = D1CC211C1EC9800900299BA9 /* PBXContainerItemProxy */;
		};
		D1CC21281EC9800900299BA9 /* PBXTargetDependency */ = {
			isa = PBXTargetDependency;
			target = D1CC21031EC9800800299BA9 /* NoBrokerAssignment */;
			targetProxy = D1CC21271EC9800900299BA9 /* PBXContainerItemProxy */;
		};
/* End PBXTargetDependency section */

/* Begin PBXVariantGroup section */
		D1CC210B1EC9800900299BA9 /* Main.storyboard */ = {
			isa = PBXVariantGroup;
			children = (
				D1CC210C1EC9800900299BA9 /* Base */,
			);
			name = Main.storyboard;
			sourceTree = "<group>";
		};
		D1CC21131EC9800900299BA9 /* LaunchScreen.storyboard */ = {
			isa = PBXVariantGroup;
			children = (
				D1CC21141EC9800900299BA9 /* Base */,
			);
			name = LaunchScreen.storyboard;
			sourceTree = "<group>";
		};
/* End PBXVariantGroup section */

/* Begin XCBuildConfiguration section */
		D1CC212D1EC9800900299BA9 /* Debug */ = {
			isa = XCBuildConfiguration;
			buildSettings = {
				ALWAYS_SEARCH_USER_PATHS = NO;
				CLANG_ANALYZER_NONNULL = YES;
				CLANG_CXX_LANGUAGE_STANDARD = "gnu++0x";
				CLANG_CXX_LIBRARY = "libc++";
				CLANG_ENABLE_MODULES = YES;
				CLANG_ENABLE_OBJC_ARC = YES;
				CLANG_WARN_BOOL_CONVERSION = YES;
				CLANG_WARN_CONSTANT_CONVERSION = YES;
				CLANG_WARN_DIRECT_OBJC_ISA_USAGE = YES_ERROR;
				CLANG_WARN_DOCUMENTATION_COMMENTS = YES;
				CLANG_WARN_EMPTY_BODY = YES;
				CLANG_WARN_ENUM_CONVERSION = YES;
				CLANG_WARN_INFINITE_RECURSION = YES;
				CLANG_WARN_INT_CONVERSION = YES;
				CLANG_WARN_OBJC_ROOT_CLASS = YES_ERROR;
				CLANG_WARN_SUSPICIOUS_MOVE = YES;
				CLANG_WARN_UNREACHABLE_CODE = YES;
				CLANG_WARN__DUPLICATE_METHOD_MATCH = YES;
				"CODE_SIGN_IDENTITY[sdk=iphoneos*]" = "iPhone Developer";
				COPY_PHASE_STRIP = NO;
				DEBUG_INFORMATION_FORMAT = dwarf;
				ENABLE_STRICT_OBJC_MSGSEND = YES;
				ENABLE_TESTABILITY = YES;
				GCC_C_LANGUAGE_STANDARD = gnu99;
				GCC_DYNAMIC_NO_PIC = NO;
				GCC_NO_COMMON_BLOCKS = YES;
				GCC_OPTIMIZATION_LEVEL = 0;
				GCC_PREPROCESSOR_DEFINITIONS = (
					"DEBUG=1",
					"$(inherited)",
				);
				GCC_WARN_64_TO_32_BIT_CONVERSION = YES;
				GCC_WARN_ABOUT_RETURN_TYPE = YES_ERROR;
				GCC_WARN_UNDECLARED_SELECTOR = YES;
				GCC_WARN_UNINITIALIZED_AUTOS = YES_AGGRESSIVE;
				GCC_WARN_UNUSED_FUNCTION = YES;
				GCC_WARN_UNUSED_VARIABLE = YES;
				IPHONEOS_DEPLOYMENT_TARGET = 10.2;
				MTL_ENABLE_DEBUG_INFO = YES;
				ONLY_ACTIVE_ARCH = YES;
				SDKROOT = iphoneos;
				SWIFT_ACTIVE_COMPILATION_CONDITIONS = DEBUG;
				SWIFT_OPTIMIZATION_LEVEL = "-Onone";
				TARGETED_DEVICE_FAMILY = "1,2";
			};
			name = Debug;
		};
		D1CC212E1EC9800900299BA9 /* Release */ = {
			isa = XCBuildConfiguration;
			buildSettings = {
				ALWAYS_SEARCH_USER_PATHS = NO;
				CLANG_ANALYZER_NONNULL = YES;
				CLANG_CXX_LANGUAGE_STANDARD = "gnu++0x";
				CLANG_CXX_LIBRARY = "libc++";
				CLANG_ENABLE_MODULES = YES;
				CLANG_ENABLE_OBJC_ARC = YES;
				CLANG_WARN_BOOL_CONVERSION = YES;
				CLANG_WARN_CONSTANT_CONVERSION = YES;
				CLANG_WARN_DIRECT_OBJC_ISA_USAGE = YES_ERROR;
				CLANG_WARN_DOCUMENTATION_COMMENTS = YES;
				CLANG_WARN_EMPTY_BODY = YES;
				CLANG_WARN_ENUM_CONVERSION = YES;
				CLANG_WARN_INFINITE_RECURSION = YES;
				CLANG_WARN_INT_CONVERSION = YES;
				CLANG_WARN_OBJC_ROOT_CLASS = YES_ERROR;
				CLANG_WARN_SUSPICIOUS_MOVE = YES;
				CLANG_WARN_UNREACHABLE_CODE = YES;
				CLANG_WARN__DUPLICATE_METHOD_MATCH = YES;
				"CODE_SIGN_IDENTITY[sdk=iphoneos*]" = "iPhone Developer";
				COPY_PHASE_STRIP = NO;
				DEBUG_INFORMATION_FORMAT = "dwarf-with-dsym";
				ENABLE_NS_ASSERTIONS = NO;
				ENABLE_STRICT_OBJC_MSGSEND = YES;
				GCC_C_LANGUAGE_STANDARD = gnu99;
				GCC_NO_COMMON_BLOCKS = YES;
				GCC_WARN_64_TO_32_BIT_CONVERSION = YES;
				GCC_WARN_ABOUT_RETURN_TYPE = YES_ERROR;
				GCC_WARN_UNDECLARED_SELECTOR = YES;
				GCC_WARN_UNINITIALIZED_AUTOS = YES_AGGRESSIVE;
				GCC_WARN_UNUSED_FUNCTION = YES;
				GCC_WARN_UNUSED_VARIABLE = YES;
				IPHONEOS_DEPLOYMENT_TARGET = 10.2;
				MTL_ENABLE_DEBUG_INFO = NO;
				SDKROOT = iphoneos;
				SWIFT_OPTIMIZATION_LEVEL = "-Owholemodule";
				TARGETED_DEVICE_FAMILY = "1,2";
				VALIDATE_PRODUCT = YES;
			};
			name = Release;
		};
		D1CC21301EC9800900299BA9 /* Debug */ = {
			isa = XCBuildConfiguration;
			buildSettings = {
				ASSETCATALOG_COMPILER_APPICON_NAME = AppIcon;
				DEVELOPMENT_TEAM = 6339ZWMFHV;
				INFOPLIST_FILE = NoBrokerAssignment/Info.plist;
				LD_RUNPATH_SEARCH_PATHS = "$(inherited) @executable_path/Frameworks";
				PRODUCT_BUNDLE_IDENTIFIER = crickabhi.NoBrokerAssignment;
				PRODUCT_NAME = "$(TARGET_NAME)";
				SWIFT_VERSION = 3.0;
			};
			name = Debug;
		};
		D1CC21311EC9800900299BA9 /* Release */ = {
			isa = XCBuildConfiguration;
			buildSettings = {
				ASSETCATALOG_COMPILER_APPICON_NAME = AppIcon;
				DEVELOPMENT_TEAM = 6339ZWMFHV;
				INFOPLIST_FILE = NoBrokerAssignment/Info.plist;
				LD_RUNPATH_SEARCH_PATHS = "$(inherited) @executable_path/Frameworks";
				PRODUCT_BUNDLE_IDENTIFIER = crickabhi.NoBrokerAssignment;
				PRODUCT_NAME = "$(TARGET_NAME)";
				SWIFT_VERSION = 3.0;
			};
			name = Release;
		};
		D1CC21331EC9800900299BA9 /* Debug */ = {
			isa = XCBuildConfiguration;
			buildSettings = {
				ALWAYS_EMBED_SWIFT_STANDARD_LIBRARIES = YES;
				BUNDLE_LOADER = "$(TEST_HOST)";
				DEVELOPMENT_TEAM = 6339ZWMFHV;
				INFOPLIST_FILE = NoBrokerAssignmentTests/Info.plist;
				LD_RUNPATH_SEARCH_PATHS = "$(inherited) @executable_path/Frameworks @loader_path/Frameworks";
				PRODUCT_BUNDLE_IDENTIFIER = crickabhi.NoBrokerAssignmentTests;
				PRODUCT_NAME = "$(TARGET_NAME)";
				SWIFT_VERSION = 3.0;
				TEST_HOST = "$(BUILT_PRODUCTS_DIR)/NoBrokerAssignment.app/NoBrokerAssignment";
			};
			name = Debug;
		};
		D1CC21341EC9800900299BA9 /* Release */ = {
			isa = XCBuildConfiguration;
			buildSettings = {
				ALWAYS_EMBED_SWIFT_STANDARD_LIBRARIES = YES;
				BUNDLE_LOADER = "$(TEST_HOST)";
				DEVELOPMENT_TEAM = 6339ZWMFHV;
				INFOPLIST_FILE = NoBrokerAssignmentTests/Info.plist;
				LD_RUNPATH_SEARCH_PATHS = "$(inherited) @executable_path/Frameworks @loader_path/Frameworks";
				PRODUCT_BUNDLE_IDENTIFIER = crickabhi.NoBrokerAssignmentTests;
				PRODUCT_NAME = "$(TARGET_NAME)";
				SWIFT_VERSION = 3.0;
				TEST_HOST = "$(BUILT_PRODUCTS_DIR)/NoBrokerAssignment.app/NoBrokerAssignment";
			};
			name = Release;
		};
		D1CC21361EC9800900299BA9 /* Debug */ = {
			isa = XCBuildConfiguration;
			buildSettings = {
				ALWAYS_EMBED_SWIFT_STANDARD_LIBRARIES = YES;
				DEVELOPMENT_TEAM = 6339ZWMFHV;
				INFOPLIST_FILE = NoBrokerAssignmentUITests/Info.plist;
				LD_RUNPATH_SEARCH_PATHS = "$(inherited) @executable_path/Frameworks @loader_path/Frameworks";
				PRODUCT_BUNDLE_IDENTIFIER = crickabhi.NoBrokerAssignmentUITests;
				PRODUCT_NAME = "$(TARGET_NAME)";
				SWIFT_VERSION = 3.0;
				TEST_TARGET_NAME = NoBrokerAssignment;
			};
			name = Debug;
		};
		D1CC21371EC9800900299BA9 /* Release */ = {
			isa = XCBuildConfiguration;
			buildSettings = {
				ALWAYS_EMBED_SWIFT_STANDARD_LIBRARIES = YES;
				DEVELOPMENT_TEAM = 6339ZWMFHV;
				INFOPLIST_FILE = NoBrokerAssignmentUITests/Info.plist;
				LD_RUNPATH_SEARCH_PATHS = "$(inherited) @executable_path/Frameworks @loader_path/Frameworks";
				PRODUCT_BUNDLE_IDENTIFIER = crickabhi.NoBrokerAssignmentUITests;
				PRODUCT_NAME = "$(TARGET_NAME)";
				SWIFT_VERSION = 3.0;
				TEST_TARGET_NAME = NoBrokerAssignment;
			};
			name = Release;
		};
/* End XCBuildConfiguration section */

/* Begin XCConfigurationList section */
		D1CC20FF1EC9800800299BA9 /* Build configuration list for PBXProject "NoBrokerAssignment" */ = {
			isa = XCConfigurationList;
			buildConfigurations = (
				D1CC212D1EC9800900299BA9 /* Debug */,
				D1CC212E1EC9800900299BA9 /* Release */,
			);
			defaultConfigurationIsVisible = 0;
			defaultConfigurationName = Release;
		};
		D1CC212F1EC9800900299BA9 /* Build configuration list for PBXNativeTarget "NoBrokerAssignment" */ = {
			isa = XCConfigurationList;
			buildConfigurations = (
				D1CC21301EC9800900299BA9 /* Debug */,
				D1CC21311EC9800900299BA9 /* Release */,
			);
			defaultConfigurationIsVisible = 0;
		};
		D1CC21321EC9800900299BA9 /* Build configuration list for PBXNativeTarget "NoBrokerAssignmentTests" */ = {
			isa = XCConfigurationList;
			buildConfigurations = (
				D1CC21331EC9800900299BA9 /* Debug */,
				D1CC21341EC9800900299BA9 /* Release */,
			);
			defaultConfigurationIsVisible = 0;
		};
		D1CC21351EC9800900299BA9 /* Build configuration list for PBXNativeTarget "NoBrokerAssignmentUITests" */ = {
			isa = XCConfigurationList;
			buildConfigurations = (
				D1CC21361EC9800900299BA9 /* Debug */,
				D1CC21371EC9800900299BA9 /* Release */,
			);
			defaultConfigurationIsVisible = 0;
		};
/* End XCConfigurationList section */

/* Begin XCVersionGroup section */
		D1CC210E1EC9800900299BA9 /* NoBrokerAssignment.xcdatamodeld */ = {
			isa = XCVersionGroup;
			children = (
				D1CC210F1EC9800900299BA9 /* NoBrokerAssignment.xcdatamodel */,
			);
			currentVersion = D1CC210F1EC9800900299BA9 /* NoBrokerAssignment.xcdatamodel */;
			path = NoBrokerAssignment.xcdatamodeld;
			sourceTree = "<group>";
			versionGroupType = wrapper.xcdatamodel;
		};
/* End XCVersionGroup section */
	};
	rootObject = D1CC20FC1EC9800800299BA9 /* Project object */;
}
